
Microsoft Visual Studio Solution File, Format Version 12.00
# Visual Studio Version 17
VisualStudioVersion = 17.13.35919.96 d17.13
MinimumVisualStudioVersion = 10.0.40219.1
Project("{FAE04EC0-301F-11D3-BF4B-00C04F79EFBC}") = "Listo_TPIPWA2025", "Listo_TPIPWA2025\Listo_TPIPWA2025.csproj", "{E12B6502-8435-45EB-884F-58136CD68B27}"
EndProject
Global
	GlobalSection(SolutionConfigurationPlatforms) = preSolution
		Debug|Any CPU = Debug|Any CPU
		Release|Any CPU = Release|Any CPU
	EndGlobalSection
	GlobalSection(ProjectConfigurationPlatforms) = postSolution
		{E12B6502-8435-45EB-884F-58136CD68B27}.Debug|Any CPU.ActiveCfg = Debug|Any CPU
		{E12B6502-8435-45EB-884F-58136CD68B27}.Debug|Any CPU.Build.0 = Debug|Any CPU
		{E12B6502-8435-45EB-884F-58136CD68B27}.Release|Any CPU.ActiveCfg = Release|Any CPU
		{E12B6502-8435-45EB-884F-58136CD68B27}.Release|Any CPU.Build.0 = Release|Any CPU
	EndGlobalSection
	GlobalSection(SolutionProperties) = preSolution
		HideSolutionNode = FALSE
	EndGlobalSection
	GlobalSection(ExtensibilityGlobals) = postSolution
		SolutionGuid = {78AD309D-2504-45E5-B497-57F2688F4CC0}
	EndGlobalSection
EndGlobal
